
Microsoft Visual Studio Solution File, Format Version 12.00
# Visual Studio Version 16
VisualStudioVersion = 16.0.33801.447
MinimumVisualStudioVersion = 10.0.40219.1
Project("{FAE04EC0-301F-11D3-BF4B-00C04F79EFBC}") = "calculator", "calculator\calculator.csproj", "{2EB83ABA-C196-4FBE-B4CA-69767B0EC1E8}"
EndProject
Global
	GlobalSection(SolutionConfigurationPlatforms) = preSolution
		Debug|Any CPU = Debug|Any CPU
		Release|Any CPU = Release|Any CPU
	EndGlobalSection
	GlobalSection(ProjectConfigurationPlatforms) = postSolution
		{2EB83ABA-C196-4FBE-B4CA-69767B0EC1E8}.Debug|Any CPU.ActiveCfg = Debug|Any CPU
		{2EB83ABA-C196-4FBE-B4CA-69767B0EC1E8}.Debug|Any CPU.Build.0 = Debug|Any CPU
		{2EB83ABA-C196-4FBE-B4CA-69767B0EC1E8}.Release|Any CPU.ActiveCfg = Release|Any CPU
		{2EB83ABA-C196-4FBE-B4CA-69767B0EC1E8}.Release|Any CPU.Build.0 = Release|Any CPU
	EndGlobalSection
	GlobalSection(SolutionProperties) = preSolution
		HideSolutionNode = FALSE
	EndGlobalSection
	GlobalSection(ExtensibilityGlobals) = postSolution
		SolutionGuid = {96273454-E7CB-4063-8493-A8DC426F6AA0}
	EndGlobalSection
EndGlobal
